
Microsoft Visual Studio Solution File, Format Version 12.00
# Visual Studio Version 17
VisualStudioVersion = 17.6.33829.357
MinimumVisualStudioVersion = 10.0.40219.1
Project("{FAE04EC0-301F-11D3-BF4B-00C04F79EFBC}") = "Arrays", "Arrays\Arrays.csproj", "{F76F0C8A-1AF7-4393-A43A-F55ECAF3FA80}"
EndProject
Global
	GlobalSection(SolutionConfigurationPlatforms) = preSolution
		Debug|Any CPU = Debug|Any CPU
		Release|Any CPU = Release|Any CPU
	EndGlobalSection
	GlobalSection(ProjectConfigurationPlatforms) = postSolution
		{F76F0C8A-1AF7-4393-A43A-F55ECAF3FA80}.Debug|Any CPU.ActiveCfg = Debug|Any CPU
		{F76F0C8A-1AF7-4393-A43A-F55ECAF3FA80}.Debug|Any CPU.Build.0 = Debug|Any CPU
		{F76F0C8A-1AF7-4393-A43A-F55ECAF3FA80}.Release|Any CPU.ActiveCfg = Release|Any CPU
		{F76F0C8A-1AF7-4393-A43A-F55ECAF3FA80}.Release|Any CPU.Build.0 = Release|Any CPU
	EndGlobalSection
	GlobalSection(SolutionProperties) = preSolution
		HideSolutionNode = FALSE
	EndGlobalSection
	GlobalSection(ExtensibilityGlobals) = postSolution
		SolutionGuid = {DB2C5C71-34B9-4A13-81AD-960EB9180AD6}
	EndGlobalSection
EndGlobal
